// !$*UTF8*$!
{
	archiveVersion = 1;
	classes = {
	};
	objectVersion = 46;
	objects = {

/* Begin PBXBuildFile section */
		04BF68BA1A704FF00025FEA0 /* main.m in Sources */ = {isa = PBXBuildFile; fileRef = 04BF68B91A704FF00025FEA0 /* main.m */; };
		04BF68BD1A704FF00025FEA0 /* AppDelegate.m in Sources */ = {isa = PBXBuildFile; fileRef = 04BF68BC1A704FF00025FEA0 /* AppDelegate.m */; };
		04BF68C01A704FF00025FEA0 /* ViewController.m in Sources */ = {isa = PBXBuildFile; fileRef = 04BF68BF1A704FF00025FEA0 /* ViewController.m */; };
		04BF68C31A704FF00025FEA0 /* Main.storyboard in Resources */ = {isa = PBXBuildFile; fileRef = 04BF68C11A704FF00025FEA0 /* Main.storyboard */; };
		04BF68C51A704FF00025FEA0 /* Images.xcassets in Resources */ = {isa = PBXBuildFile; fileRef = 04BF68C41A704FF00025FEA0 /* Images.xcassets */; };
		04BF68C81A704FF00025FEA0 /* LaunchScreen.xib in Resources */ = {isa = PBXBuildFile; fileRef = 04BF68C61A704FF00025FEA0 /* LaunchScreen.xib */; };
		04BF68D41A704FF10025FEA0 /* To_DoTests.m in Sources */ = {isa = PBXBuildFile; fileRef = 04BF68D31A704FF10025FEA0 /* To_DoTests.m */; };
		04BF68E21A7050F60025FEA0 /* AddTaskViewController.m in Sources */ = {isa = PBXBuildFile; fileRef = 04BF68E11A7050F60025FEA0 /* AddTaskViewController.m */; };
		04BF68E51A7051130025FEA0 /* DetailTaskViewController.m in Sources */ = {isa = PBXBuildFile; fileRef = 04BF68E41A7051130025FEA0 /* DetailTaskViewController.m */; };
		04BF68E81A7051290025FEA0 /* EditTaskViewController.m in Sources */ = {isa = PBXBuildFile; fileRef = 04BF68E71A7051290025FEA0 /* EditTaskViewController.m */; };
/* End PBXBuildFile section */

/* Begin PBXContainerItemProxy section */
		04BF68CE1A704FF10025FEA0 /* PBXContainerItemProxy */ = {
			isa = PBXContainerItemProxy;
			containerPortal = 04BF68AC1A704FF00025FEA0 /* Project object */;
			proxyType = 1;
			remoteGlobalIDString = 04BF68B31A704FF00025FEA0;
			remoteInfo = "To Do";
		};
/* End PBXContainerItemProxy section */

/* Begin PBXFileReference section */
		04BF68B41A704FF00025FEA0 /* To Do.app */ = {isa = PBXFileReference; explicitFileType = wrapper.application; includeInIndex = 0; path = "To Do.app"; sourceTree = BUILT_PRODUCTS_DIR; };
		04BF68B81A704FF00025FEA0 /* Info.plist */ = {isa = PBXFileReference; lastKnownFileType = text.plist.xml; path = Info.plist; sourceTree = "<group>"; };
		04BF68B91A704FF00025FEA0 /* main.m */ = {isa = PBXFileReference; lastKnownFileType = sourcecode.c.objc; path = main.m; sourceTree = "<group>"; };
		04BF68BB1A704FF00025FEA0 /* AppDelegate.h */ = {isa = PBXFileReference; lastKnownFileType = sourcecode.c.h; path = AppDelegate.h; sourceTree = "<group>"; };
		04BF68BC1A704FF00025FEA0 /* AppDelegate.m */ = {isa = PBXFileReference; lastKnownFileType = sourcecode.c.objc; path = AppDelegate.m; sourceTree = "<group>"; };
		04BF68BE1A704FF00025FEA0 /* ViewController.h */ = {isa = PBXFileReference; lastKnownFileType = sourcecode.c.h; path = ViewController.h; sourceTree = "<group>"; };
		04BF68BF1A704FF00025FEA0 /* ViewController.m */ = {isa = PBXFileReference; lastKnownFileType = sourcecode.c.objc; path = ViewController.m; sourceTree = "<group>"; };
		04BF68C21A704FF00025FEA0 /* Base */ = {isa = PBXFileReference; lastKnownFileType = file.storyboard; name = Base; path = Base.lproj/Main.storyboard; sourceTree = "<group>"; };
		04BF68C41A704FF00025FEA0 /* Images.xcassets */ = {isa = PBXFileReference; lastKnownFileType = folder.assetcatalog; path = Images.xcassets; sourceTree = "<group>"; };
		04BF68C71A704FF00025FEA0 /* Base */ = {isa = PBXFileReference; lastKnownFileType = file.xib; name = Base; path = Base.lproj/LaunchScreen.xib; sourceTree = "<group>"; };
		04BF68CD1A704FF10025FEA0 /* To DoTests.xctest */ = {isa = PBXFileReference; explicitFileType = wrapper.cfbundle; includeInIndex = 0; path = "To DoTests.xctest"; sourceTree = BUILT_PRODUCTS_DIR; };
		04BF68D21A704FF10025FEA0 /* Info.plist */ = {isa = PBXFileReference; lastKnownFileType = text.plist.xml; path = Info.plist; sourceTree = "<group>"; };
		04BF68D31A704FF10025FEA0 /* To_DoTests.m */ = {isa = PBXFileReference; lastKnownFileType = sourcecode.c.objc; path = To_DoTests.m; sourceTree = "<group>"; };
		04BF68E01A7050F60025FEA0 /* AddTaskViewController.h */ = {isa = PBXFileReference; fileEncoding = 4; lastKnownFileType = sourcecode.c.h; path = AddTaskViewController.h; sourceTree = "<group>"; };
		04BF68E11A7050F60025FEA0 /* AddTaskViewController.m */ = {isa = PBXFileReference; fileEncoding = 4; lastKnownFileType = sourcecode.c.objc; path = AddTaskViewController.m; sourceTree = "<group>"; };
		04BF68E31A7051130025FEA0 /* DetailTaskViewController.h */ = {isa = PBXFileReference; fileEncoding = 4; lastKnownFileType = sourcecode.c.h; name = DetailTaskViewController.h; path = ../DetailTaskViewController.h; sourceTree = "<group>"; };
		04BF68E41A7051130025FEA0 /* DetailTaskViewController.m */ = {isa = PBXFileReference; fileEncoding = 4; lastKnownFileType = sourcecode.c.objc; name = DetailTaskViewController.m; path = ../DetailTaskViewController.m; sourceTree = "<group>"; };
		04BF68E61A7051290025FEA0 /* EditTaskViewController.h */ = {isa = PBXFileReference; fileEncoding = 4; lastKnownFileType = sourcecode.c.h; name = EditTaskViewController.h; path = ../EditTaskViewController.h; sourceTree = "<group>"; };
		04BF68E71A7051290025FEA0 /* EditTaskViewController.m */ = {isa = PBXFileReference; fileEncoding = 4; lastKnownFileType = sourcecode.c.objc; name = EditTaskViewController.m; path = ../EditTaskViewController.m; sourceTree = "<group>"; };
/* End PBXFileReference section */

/* Begin PBXFrameworksBuildPhase section */
		04BF68B11A704FF00025FEA0 /* Frameworks */ = {
			isa = PBXFrameworksBuildPhase;
			buildActionMask = 2147483647;
			files = (
			);
			runOnlyForDeploymentPostprocessing = 0;
		};
		04BF68CA1A704FF10025FEA0 /* Frameworks */ = {
			isa = PBXFrameworksBuildPhase;
			buildActionMask = 2147483647;
			files = (
			);
			runOnlyForDeploymentPostprocessing = 0;
		};
/* End PBXFrameworksBuildPhase section */

/* Begin PBXGroup section */
		04BF68AB1A704FF00025FEA0 = {
			isa = PBXGroup;
			children = (
				04BF68B61A704FF00025FEA0 /* To Do */,
				04BF68D01A704FF10025FEA0 /* To DoTests */,
				04BF68B51A704FF00025FEA0 /* Products */,
			);
			sourceTree = "<group>";
		};
		04BF68B51A704FF00025FEA0 /* Products */ = {
			isa = PBXGroup;
			children = (
				04BF68B41A704FF00025FEA0 /* To Do.app */,
				04BF68CD1A704FF10025FEA0 /* To DoTests.xctest */,
			);
			name = Products;
			sourceTree = "<group>";
		};
		04BF68B61A704FF00025FEA0 /* To Do */ = {
			isa = PBXGroup;
			children = (
				04BF68E61A7051290025FEA0 /* EditTaskViewController.h */,
				04BF68E71A7051290025FEA0 /* EditTaskViewController.m */,
				04BF68E31A7051130025FEA0 /* DetailTaskViewController.h */,
				04BF68E41A7051130025FEA0 /* DetailTaskViewController.m */,
				04BF68E01A7050F60025FEA0 /* AddTaskViewController.h */,
				04BF68E11A7050F60025FEA0 /* AddTaskViewController.m */,
				04BF68BB1A704FF00025FEA0 /* AppDelegate.h */,
				04BF68BC1A704FF00025FEA0 /* AppDelegate.m */,
				04BF68BE1A704FF00025FEA0 /* ViewController.h */,
				04BF68BF1A704FF00025FEA0 /* ViewController.m */,
				04BF68C11A704FF00025FEA0 /* Main.storyboard */,
				04BF68C41A704FF00025FEA0 /* Images.xcassets */,
				04BF68C61A704FF00025FEA0 /* LaunchScreen.xib */,
				04BF68B71A704FF00025FEA0 /* Supporting Files */,
			);
			path = "To Do";
			sourceTree = "<group>";
		};
		04BF68B71A704FF00025FEA0 /* Supporting Files */ = {
			isa = PBXGroup;
			children = (
				04BF68B81A704FF00025FEA0 /* Info.plist */,
				04BF68B91A704FF00025FEA0 /* main.m */,
			);
			name = "Supporting Files";
			sourceTree = "<group>";
		};
		04BF68D01A704FF10025FEA0 /* To DoTests */ = {
			isa = PBXGroup;
			children = (
				04BF68D31A704FF10025FEA0 /* To_DoTests.m */,
				04BF68D11A704FF10025FEA0 /* Supporting Files */,
			);
			path = "To DoTests";
			sourceTree = "<group>";
		};
		04BF68D11A704FF10025FEA0 /* Supporting Files */ = {
			isa = PBXGroup;
			children = (
				04BF68D21A704FF10025FEA0 /* Info.plist */,
			);
			name = "Supporting Files";
			sourceTree = "<group>";
		};
/* End PBXGroup section */

/* Begin PBXNativeTarget section */
		04BF68B31A704FF00025FEA0 /* To Do */ = {
			isa = PBXNativeTarget;
			buildConfigurationList = 04BF68D71A704FF10025FEA0 /* Build configuration list for PBXNativeTarget "To Do" */;
			buildPhases = (
				04BF68B01A704FF00025FEA0 /* Sources */,
				04BF68B11A704FF00025FEA0 /* Frameworks */,
				04BF68B21A704FF00025FEA0 /* Resources */,
			);
			buildRules = (
			);
			dependencies = (
			);
			name = "To Do";
			productName = "To Do";
			productReference = 04BF68B41A704FF00025FEA0 /* To Do.app */;
			productType = "com.apple.product-type.application";
		};
		04BF68CC1A704FF10025FEA0 /* To DoTests */ = {
			isa = PBXNativeTarget;
			buildConfigurationList = 04BF68DA1A704FF10025FEA0 /* Build configuration list for PBXNativeTarget "To DoTests" */;
			buildPhases = (
				04BF68C91A704FF10025FEA0 /* Sources */,
				04BF68CA1A704FF10025FEA0 /* Frameworks */,
				04BF68CB1A704FF10025FEA0 /* Resources */,
			);
			buildRules = (
			);
			dependencies = (
				04BF68CF1A704FF10025FEA0 /* PBXTargetDependency */,
			);
			name = "To DoTests";
			productName = "To DoTests";
			productReference = 04BF68CD1A704FF10025FEA0 /* To DoTests.xctest */;
			productType = "com.apple.product-type.bundle.unit-test";
		};
/* End PBXNativeTarget section */

/* Begin PBXProject section */
		04BF68AC1A704FF00025FEA0 /* Project object */ = {
			isa = PBXProject;
			attributes = {
				LastUpgradeCheck = 0610;
				ORGANIZATIONNAME = Mihai;
				TargetAttributes = {
					04BF68B31A704FF00025FEA0 = {
						CreatedOnToolsVersion = 6.1.1;
					};
					04BF68CC1A704FF10025FEA0 = {
						CreatedOnToolsVersion = 6.1.1;
						TestTargetID = 04BF68B31A704FF00025FEA0;
					};
				};
			};
			buildConfigurationList = 04BF68AF1A704FF00025FEA0 /* Build configuration list for PBXProject "To Do" */;
			compatibilityVersion = "Xcode 3.2";
			developmentRegion = English;
			hasScannedForEncodings = 0;
			knownRegions = (
				en,
				Base,
			);
			mainGroup = 04BF68AB1A704FF00025FEA0;
			productRefGroup = 04BF68B51A704FF00025FEA0 /* Products */;
			projectDirPath = "";
			projectRoot = "";
			targets = (
				04BF68B31A704FF00025FEA0 /* To Do */,
				04BF68CC1A704FF10025FEA0 /* To DoTests */,
			);
		};
/* End PBXProject section */

/* Begin PBXResourcesBuildPhase section */
		04BF68B21A704FF00025FEA0 /* Resources */ = {
			isa = PBXResourcesBuildPhase;
			buildActionMask = 2147483647;
			files = (
				04BF68C31A704FF00025FEA0 /* Main.storyboard in Resources */,
				04BF68C81A704FF00025FEA0 /* LaunchScreen.xib in Resources */,
				04BF68C51A704FF00025FEA0 /* Images.xcassets in Resources */,
			);
			runOnlyForDeploymentPostprocessing = 0;
		};
		04BF68CB1A704FF10025FEA0 /* Resources */ = {
			isa = PBXResourcesBuildPhase;
			buildActionMask = 2147483647;
			files = (
			);
			runOnlyForDeploymentPostprocessing = 0;
		};
/* End PBXResourcesBuildPhase section */

/* Begin PBXSourcesBuildPhase section */
		04BF68B01A704FF00025FEA0 /* Sources */ = {
			isa = PBXSourcesBuildPhase;
			buildActionMask = 2147483647;
			files = (
				04BF68C01A704FF00025FEA0 /* ViewController.m in Sources */,
				04BF68E21A7050F60025FEA0 /* AddTaskViewController.m in Sources */,
				04BF68BD1A704FF00025FEA0 /* AppDelegate.m in Sources */,
				04BF68E81A7051290025FEA0 /* EditTaskViewController.m in Sources */,
				04BF68BA1A704FF00025FEA0 /* main.m in Sources */,
				04BF68E51A7051130025FEA0 /* DetailTaskViewController.m in Sources */,
			);
			runOnlyForDeploymentPostprocessing = 0;
		};
		04BF68C91A704FF10025FEA0 /* Sources */ = {
			isa = PBXSourcesBuildPhase;
			buildActionMask = 2147483647;
			files = (
				04BF68D41A704FF10025FEA0 /* To_DoTests.m in Sources */,
			);
			runOnlyForDeploymentPostprocessing = 0;
		};
/* End PBXSourcesBuildPhase section */

/* Begin PBXTargetDependency section */
		04BF68CF1A704FF10025FEA0 /* PBXTargetDependency */ = {
			isa = PBXTargetDependency;
			target = 04BF68B31A704FF00025FEA0 /* To Do */;
			targetProxy = 04BF68CE1A704FF10025FEA0 /* PBXContainerItemProxy */;
		};
/* End PBXTargetDependency section */

/* Begin PBXVariantGroup section */
		04BF68C11A704FF00025FEA0 /* Main.storyboard */ = {
			isa = PBXVariantGroup;
			children = (
				04BF68C21A704FF00025FEA0 /* Base */,
			);
			name = Main.storyboard;
			sourceTree = "<group>";
		};
		04BF68C61A704FF00025FEA0 /* LaunchScreen.xib */ = {
			isa = PBXVariantGroup;
			children = (
				04BF68C71A704FF00025FEA0 /* Base */,
			);
			name = LaunchScreen.xib;
			sourceTree = "<group>";
		};
/* End PBXVariantGroup section */

/* Begin XCBuildConfiguration section */
		04BF68D51A704FF10025FEA0 /* Debug */ = {
			isa = XCBuildConfiguration;
			buildSettings = {
				ALWAYS_SEARCH_USER_PATHS = NO;
				CLANG_CXX_LANGUAGE_STANDARD = "gnu++0x";
				CLANG_CXX_LIBRARY = "libc++";
				CLANG_ENABLE_MODULES = YES;
				CLANG_ENABLE_OBJC_ARC = YES;
				CLANG_WARN_BOOL_CONVERSION = YES;
				CLANG_WARN_CONSTANT_CONVERSION = YES;
				CLANG_WARN_DIRECT_OBJC_ISA_USAGE = YES_ERROR;
				CLANG_WARN_EMPTY_BODY = YES;
				CLANG_WARN_ENUM_CONVERSION = YES;
				CLANG_WARN_INT_CONVERSION = YES;
				CLANG_WARN_OBJC_ROOT_CLASS = YES_ERROR;
				CLANG_WARN_UNREACHABLE_CODE = YES;
				CLANG_WARN__DUPLICATE_METHOD_MATCH = YES;
				"CODE_SIGN_IDENTITY[sdk=iphoneos*]" = "iPhone Developer";
				COPY_PHASE_STRIP = NO;
				ENABLE_STRICT_OBJC_MSGSEND = YES;
				GCC_C_LANGUAGE_STANDARD = gnu99;
				GCC_DYNAMIC_NO_PIC = NO;
				GCC_OPTIMIZATION_LEVEL = 0;
				GCC_PREPROCESSOR_DEFINITIONS = (
					"DEBUG=1",
					"$(inherited)",
				);
				GCC_SYMBOLS_PRIVATE_EXTERN = NO;
				GCC_WARN_64_TO_32_BIT_CONVERSION = YES;
				GCC_WARN_ABOUT_RETURN_TYPE = YES_ERROR;
				GCC_WARN_UNDECLARED_SELECTOR = YES;
				GCC_WARN_UNINITIALIZED_AUTOS = YES_AGGRESSIVE;
				GCC_WARN_UNUSED_FUNCTION = YES;
				GCC_WARN_UNUSED_VARIABLE = YES;
				IPHONEOS_DEPLOYMENT_TARGET = 8.1;
				MTL_ENABLE_DEBUG_INFO = YES;
				ONLY_ACTIVE_ARCH = YES;
				SDKROOT = iphoneos;
			};
			name = Debug;
		};
		04BF68D61A704FF10025FEA0 /* Release */ = {
			isa = XCBuildConfiguration;
			buildSettings = {
				ALWAYS_SEARCH_USER_PATHS = NO;
				CLANG_CXX_LANGUAGE_STANDARD = "gnu++0x";
				CLANG_CXX_LIBRARY = "libc++";
				CLANG_ENABLE_MODULES = YES;
				CLANG_ENABLE_OBJC_ARC = YES;
				CLANG_WARN_BOOL_CONVERSION = YES;
				CLANG_WARN_CONSTANT_CONVERSION = YES;
				CLANG_WARN_DIRECT_OBJC_ISA_USAGE = YES_ERROR;
				CLANG_WARN_EMPTY_BODY = YES;
				CLANG_WARN_ENUM_CONVERSION = YES;
				CLANG_WARN_INT_CONVERSION = YES;
				CLANG_WARN_OBJC_ROOT_CLASS = YES_ERROR;
				CLANG_WARN_UNREACHABLE_CODE = YES;
				CLANG_WARN__DUPLICATE_METHOD_MATCH = YES;
				"CODE_SIGN_IDENTITY[sdk=iphoneos*]" = "iPhone Developer";
				COPY_PHASE_STRIP = YES;
				ENABLE_NS_ASSERTIONS = NO;
				ENABLE_STRICT_OBJC_MSGSEND = YES;
				GCC_C_LANGUAGE_STANDARD = gnu99;
				GCC_WARN_64_TO_32_BIT_CONVERSION = YES;
				GCC_WARN_ABOUT_RETURN_TYPE = YES_ERROR;
				GCC_WARN_UNDECLARED_SELECTOR = YES;
				GCC_WARN_UNINITIALIZED_AUTOS = YES_AGGRESSIVE;
				GCC_WARN_UNUSED_FUNCTION = YES;
				GCC_WARN_UNUSED_VARIABLE = YES;
				IPHONEOS_DEPLOYMENT_TARGET = 8.1;
				MTL_ENABLE_DEBUG_INFO = NO;
				SDKROOT = iphoneos;
				VALIDATE_PRODUCT = YES;
			};
			name = Release;
		};
		04BF68D81A704FF10025FEA0 /* Debug */ = {
			isa = XCBuildConfiguration;
			buildSettings = {
				ASSETCATALOG_COMPILER_APPICON_NAME = AppIcon;
				INFOPLIST_FILE = "To Do/Info.plist";
				LD_RUNPATH_SEARCH_PATHS = "$(inherited) @executable_path/Frameworks";
				PRODUCT_NAME = "$(TARGET_NAME)";
			};
			name = Debug;
		};
		04BF68D91A704FF10025FEA0 /* Release */ = {
			isa = XCBuildConfiguration;
			buildSettings = {
				ASSETCATALOG_COMPILER_APPICON_NAME = AppIcon;
				INFOPLIST_FILE = "To Do/Info.plist";
				LD_RUNPATH_SEARCH_PATHS = "$(inherited) @executable_path/Frameworks";
				PRODUCT_NAME = "$(TARGET_NAME)";
			};
			name = Release;
		};
		04BF68DB1A704FF10025FEA0 /* Debug */ = {
			isa = XCBuildConfiguration;
			buildSettings = {
				BUNDLE_LOADER = "$(TEST_HOST)";
				FRAMEWORK_SEARCH_PATHS = (
					"$(SDKROOT)/Developer/Library/Frameworks",
					"$(inherited)",
				);
				GCC_PREPROCESSOR_DEFINITIONS = (
					"DEBUG=1",
					"$(inherited)",
				);
				INFOPLIST_FILE = "To DoTests/Info.plist";
				LD_RUNPATH_SEARCH_PATHS = "$(inherited) @executable_path/Frameworks @loader_path/Frameworks";
				PRODUCT_NAME = "$(TARGET_NAME)";
				TEST_HOST = "$(BUILT_PRODUCTS_DIR)/To Do.app/To Do";
			};
			name = Debug;
		};
		04BF68DC1A704FF10025FEA0 /* Release */ = {
			isa = XCBuildConfiguration;
			buildSettings = {
				BUNDLE_LOADER = "$(TEST_HOST)";
				FRAMEWORK_SEARCH_PATHS = (
					"$(SDKROOT)/Developer/Library/Frameworks",
					"$(inherited)",
				);
				INFOPLIST_FILE = "To DoTests/Info.plist";
				LD_RUNPATH_SEARCH_PATHS = "$(inherited) @executable_path/Frameworks @loader_path/Frameworks";
				PRODUCT_NAME = "$(TARGET_NAME)";
				TEST_HOST = "$(BUILT_PRODUCTS_DIR)/To Do.app/To Do";
			};
			name = Release;
		};
/* End XCBuildConfiguration section */

/* Begin XCConfigurationList section */
		04BF68AF1A704FF00025FEA0 /* Build configuration list for PBXProject "To Do" */ = {
			isa = XCConfigurationList;
			buildConfigurations = (
				04BF68D51A704FF10025FEA0 /* Debug */,
				04BF68D61A704FF10025FEA0 /* Release */,
			);
			defaultConfigurationIsVisible = 0;
			defaultConfigurationName = Release;
		};
		04BF68D71A704FF10025FEA0 /* Build configuration list for PBXNativeTarget "To Do" */ = {
			isa = XCConfigurationList;
			buildConfigurations = (
				04BF68D81A704FF10025FEA0 /* Debug */,
				04BF68D91A704FF10025FEA0 /* Release */,
			);
			defaultConfigurationIsVisible = 0;
		};
		04BF68DA1A704FF10025FEA0 /* Build configuration list for PBXNativeTarget "To DoTests" */ = {
			isa = XCConfigurationList;
			buildConfigurations = (
				04BF68DB1A704FF10025FEA0 /* Debug */,
				04BF68DC1A704FF10025FEA0 /* Release */,
			);
			defaultConfigurationIsVisible = 0;
		};
/* End XCConfigurationList section */
	};
	rootObject = 04BF68AC1A704FF00025FEA0 /* Project object */;
}
